// !$*UTF8*$!
{
	archiveVersion = 1;
	classes = {
	};
	objectVersion = 46;
	objects = {

/* Begin PBXBuildFile section */
		79026F331D06A4DA0044768D /* main.cpp in Sources */ = {isa = PBXBuildFile; fileRef = 79026F321D06A4DA0044768D /* main.cpp */; };
/* End PBXBuildFile section */

/* Begin PBXCopyFilesBuildPhase section */
		79026F2D1D06A4D90044768D /* CopyFiles */ = {
			isa = PBXCopyFilesBuildPhase;
			buildActionMask = 2147483647;
			dstPath = /usr/share/man/man1/;
			dstSubfolderSpec = 0;
			files = (
			);
			runOnlyForDeploymentPostprocessing = 1;
		};
/* End PBXCopyFilesBuildPhase section */

/* Begin PBXFileReference section */
		79026F2F1D06A4DA0044768D /* amos-ss16-proj5 */ = {isa = PBXFileReference; explicitFileType = "compiled.mach-o.executable"; includeInIndex = 0; path = "amos-ss16-proj5"; sourceTree = BUILT_PRODUCTS_DIR; };
		79026F321D06A4DA0044768D /* main.cpp */ = {isa = PBXFileReference; lastKnownFileType = sourcecode.cpp.cpp; path = main.cpp; sourceTree = "<group>"; };
/* End PBXFileReference section */

/* Begin PBXFrameworksBuildPhase section */
		79026F2C1D06A4D90044768D /* Frameworks */ = {
			isa = PBXFrameworksBuildPhase;
			buildActionMask = 2147483647;
			files = (
			);
			runOnlyForDeploymentPostprocessing = 0;
		};
/* End PBXFrameworksBuildPhase section */

/* Begin PBXGroup section */
		79026F261D06A4D90044768D = {
			isa = PBXGroup;
			children = (
				79026F311D06A4DA0044768D /* amos-ss16-proj5 */,
				79026F301D06A4DA0044768D /* Products */,
			);
			sourceTree = "<group>";
		};
		79026F301D06A4DA0044768D /* Products */ = {
			isa = PBXGroup;
			children = (
				79026F2F1D06A4DA0044768D /* amos-ss16-proj5 */,
			);
			name = Products;
			sourceTree = "<group>";
		};
		79026F311D06A4DA0044768D /* amos-ss16-proj5 */ = {
			isa = PBXGroup;
			children = (
				79026F321D06A4DA0044768D /* main.cpp */,
			);
			path = "amos-ss16-proj5";
			sourceTree = "<group>";
		};
/* End PBXGroup section */

/* Begin PBXNativeTarget section */
		79026F2E1D06A4D90044768D /* amos-ss16-proj5 */ = {
			isa = PBXNativeTarget;
			buildConfigurationList = 79026F361D06A4DA0044768D /* Build configuration list for PBXNativeTarget "amos-ss16-proj5" */;
			buildPhases = (
				79026F2B1D06A4D90044768D /* Sources */,
				79026F2C1D06A4D90044768D /* Frameworks */,
				79026F2D1D06A4D90044768D /* CopyFiles */,
			);
			buildRules = (
			);
			dependencies = (
			);
			name = "amos-ss16-proj5";
			productName = "amos-ss16-proj5";
			productReference = 79026F2F1D06A4DA0044768D /* amos-ss16-proj5 */;
			productType = "com.apple.product-type.tool";
		};
/* End PBXNativeTarget section */

/* Begin PBXProject section */
		79026F271D06A4D90044768D /* Project object */ = {
			isa = PBXProject;
			attributes = {
				LastUpgradeCheck = 0640;
				ORGANIZATIONNAME = de.fau.cs.osr.amos2016.gruppe5;
				TargetAttributes = {
					79026F2E1D06A4D90044768D = {
						CreatedOnToolsVersion = 6.4;
					};
				};
			};
			buildConfigurationList = 79026F2A1D06A4D90044768D /* Build configuration list for PBXProject "amos-ss16-proj5" */;
			compatibilityVersion = "Xcode 3.2";
			developmentRegion = English;
			hasScannedForEncodings = 0;
			knownRegions = (
				en,
			);
			mainGroup = 79026F261D06A4D90044768D;
			productRefGroup = 79026F301D06A4DA0044768D /* Products */;
			projectDirPath = "";
			projectRoot = "";
			targets = (
				79026F2E1D06A4D90044768D /* amos-ss16-proj5 */,
			);
		};
/* End PBXProject section */

/* Begin PBXSourcesBuildPhase section */
		79026F2B1D06A4D90044768D /* Sources */ = {
			isa = PBXSourcesBuildPhase;
			buildActionMask = 2147483647;
			files = (
				79026F331D06A4DA0044768D /* main.cpp in Sources */,
			);
			runOnlyForDeploymentPostprocessing = 0;
		};
/* End PBXSourcesBuildPhase section */

/* Begin XCBuildConfiguration section */
		79026F341D06A4DA0044768D /* Debug */ = {
			isa = XCBuildConfiguration;
			buildSettings = {
				ALWAYS_SEARCH_USER_PATHS = NO;
				CLANG_CXX_LANGUAGE_STANDARD = "gnu++0x";
				CLANG_CXX_LIBRARY = "libc++";
				CLANG_ENABLE_MODULES = YES;
				CLANG_ENABLE_OBJC_ARC = YES;
				CLANG_WARN_BOOL_CONVERSION = YES;
				CLANG_WARN_CONSTANT_CONVERSION = YES;
				CLANG_WARN_DIRECT_OBJC_ISA_USAGE = YES_ERROR;
				CLANG_WARN_EMPTY_BODY = YES;
				CLANG_WARN_ENUM_CONVERSION = YES;
				CLANG_WARN_INT_CONVERSION = YES;
				CLANG_WARN_OBJC_ROOT_CLASS = YES_ERROR;
				CLANG_WARN_UNREACHABLE_CODE = YES;
				CLANG_WARN__DUPLICATE_METHOD_MATCH = YES;
				COPY_PHASE_STRIP = NO;
				DEBUG_INFORMATION_FORMAT = dwarf;
				ENABLE_STRICT_OBJC_MSGSEND = YES;
				GCC_C_LANGUAGE_STANDARD = gnu99;
				GCC_DYNAMIC_NO_PIC = NO;
				GCC_NO_COMMON_BLOCKS = YES;
				GCC_OPTIMIZATION_LEVEL = 0;
				GCC_PREPROCESSOR_DEFINITIONS = (
					"DEBUG=1",
					"$(inherited)",
				);
				GCC_SYMBOLS_PRIVATE_EXTERN = NO;
				GCC_WARN_64_TO_32_BIT_CONVERSION = YES;
				GCC_WARN_ABOUT_RETURN_TYPE = YES_ERROR;
				GCC_WARN_UNDECLARED_SELECTOR = YES;
				GCC_WARN_UNINITIALIZED_AUTOS = YES_AGGRESSIVE;
				GCC_WARN_UNUSED_FUNCTION = YES;
				GCC_WARN_UNUSED_VARIABLE = YES;
				MACOSX_DEPLOYMENT_TARGET = 10.10;
				MTL_ENABLE_DEBUG_INFO = YES;
				ONLY_ACTIVE_ARCH = YES;
				SDKROOT = macosx;
			};
			name = Debug;
		};
		79026F351D06A4DA0044768D /* Release */ = {
			isa = XCBuildConfiguration;
			buildSettings = {
				ALWAYS_SEARCH_USER_PATHS = NO;
				CLANG_CXX_LANGUAGE_STANDARD = "gnu++0x";
				CLANG_CXX_LIBRARY = "libc++";
				CLANG_ENABLE_MODULES = YES;
				CLANG_ENABLE_OBJC_ARC = YES;
				CLANG_WARN_BOOL_CONVERSION = YES;
				CLANG_WARN_CONSTANT_CONVERSION = YES;
				CLANG_WARN_DIRECT_OBJC_ISA_USAGE = YES_ERROR;
				CLANG_WARN_EMPTY_BODY = YES;
				CLANG_WARN_ENUM_CONVERSION = YES;
				CLANG_WARN_INT_CONVERSION = YES;
				CLANG_WARN_OBJC_ROOT_CLASS = YES_ERROR;
				CLANG_WARN_UNREACHABLE_CODE = YES;
				CLANG_WARN__DUPLICATE_METHOD_MATCH = YES;
				COPY_PHASE_STRIP = NO;
				DEBUG_INFORMATION_FORMAT = "dwarf-with-dsym";
				ENABLE_NS_ASSERTIONS = NO;
				ENABLE_STRICT_OBJC_MSGSEND = YES;
				GCC_C_LANGUAGE_STANDARD = gnu99;
				GCC_NO_COMMON_BLOCKS = YES;
				GCC_WARN_64_TO_32_BIT_CONVERSION = YES;
				GCC_WARN_ABOUT_RETURN_TYPE = YES_ERROR;
				GCC_WARN_UNDECLARED_SELECTOR = YES;
				GCC_WARN_UNINITIALIZED_AUTOS = YES_AGGRESSIVE;
				GCC_WARN_UNUSED_FUNCTION = YES;
				GCC_WARN_UNUSED_VARIABLE = YES;
				MACOSX_DEPLOYMENT_TARGET = 10.10;
				MTL_ENABLE_DEBUG_INFO = NO;
				SDKROOT = macosx;
			};
			name = Release;
		};
		79026F371D06A4DA0044768D /* Debug */ = {
			isa = XCBuildConfiguration;
			buildSettings = {
				PRODUCT_NAME = "$(TARGET_NAME)";
			};
			name = Debug;
		};
		79026F381D06A4DA0044768D /* Release */ = {
			isa = XCBuildConfiguration;
			buildSettings = {
				PRODUCT_NAME = "$(TARGET_NAME)";
			};
			name = Release;
		};
/* End XCBuildConfiguration section */

/* Begin XCConfigurationList section */
		79026F2A1D06A4D90044768D /* Build configuration list for PBXProject "amos-ss16-proj5" */ = {
			isa = XCConfigurationList;
			buildConfigurations = (
				79026F341D06A4DA0044768D /* Debug */,
				79026F351D06A4DA0044768D /* Release */,
			);
			defaultConfigurationIsVisible = 0;
			defaultConfigurationName = Release;
		};
		79026F361D06A4DA0044768D /* Build configuration list for PBXNativeTarget "amos-ss16-proj5" */ = {
			isa = XCConfigurationList;
			buildConfigurations = (
				79026F371D06A4DA0044768D /* Debug */,
				79026F381D06A4DA0044768D /* Release */,
			);
			defaultConfigurationIsVisible = 0;
		};
/* End XCConfigurationList section */
	};
	rootObject = 79026F271D06A4D90044768D /* Project object */;
}
